
Microsoft Visual Studio Solution File, Format Version 12.00
# Visual Studio 2012
Project("{FAE04EC0-301F-11D3-BF4B-00C04F79EFBC}") = "MvcApplication1", "MvcApplication1\MvcApplication1.csproj", "{148F68B3-5AAC-4F1E-99FC-8AE65C2F310D}"
EndProject
Global
	GlobalSection(SolutionConfigurationPlatforms) = preSolution
		Debug|Any CPU = Debug|Any CPU
		Release|Any CPU = Release|Any CPU
	EndGlobalSection
	GlobalSection(ProjectConfigurationPlatforms) = postSolution
		{148F68B3-5AAC-4F1E-99FC-8AE65C2F310D}.Debug|Any CPU.ActiveCfg = Debug|Any CPU
		{148F68B3-5AAC-4F1E-99FC-8AE65C2F310D}.Debug|Any CPU.Build.0 = Debug|Any CPU
		{148F68B3-5AAC-4F1E-99FC-8AE65C2F310D}.Release|Any CPU.ActiveCfg = Release|Any CPU
		{148F68B3-5AAC-4F1E-99FC-8AE65C2F310D}.Release|Any CPU.Build.0 = Release|Any CPU
	EndGlobalSection
	GlobalSection(SolutionProperties) = preSolution
		HideSolutionNode = FALSE
	EndGlobalSection
EndGlobal
